dependencies:
  espressif/led_strip:
    component_hash: b578eb926d9f6402fd45398b53c9bd5d1b7a15c1b2974d25aa3088e6c79b0b4c
    dependencies:
    - name: idf
      require: private
      version: '>=5.0'
    source:
      registry_url: https://components.espressif.com/
      type: service
    version: 3.0.1
  idf:
    source:
      type: idf
    version: 5.5.0
  rjrp44/vl53l5cx:
    component_hash: 6dbc68bb35a424f6f5392834ddab94ad5fac121a0e3f90dde4d2bdff22699b46
    dependencies:
    - name: idf
      require: private
      version: '>=5.4'
    source:
      registry_url: https://components.espressif.com/
      type: service
    version: 4.0.0
  truita/mpu9250:
    component_hash: 3403bfddacef335397281d3191845d4e09c792e5fe62aff8689bcc67a388c645
    dependencies:
    - name: idf
      require: private
      version: '>=5.0'
    source:
      registry_url: https://components.espressif.com/
      type: service
    version: 1.0.1
direct_dependencies:
- espressif/led_strip
- rjrp44/vl53l5cx
- truita/mpu9250
manifest_hash: 9e6f822432cd4d3b4e110d361a0e62c97d03b41c278a6936b557cb5cd361319f
target: esp32s3
version: 2.0.0
